
Microsoft Visual Studio Solution File, Format Version 11.00
# Visual Studio 2010
Project("{2150E333-8FDC-42A3-9474-1A3956D46DE8}") = "Domain", "Domain", "{9C0CD77E-7C8A-4603-AA48-A6567EAF55E1}"
EndProject
Project("{FAE04EC0-301F-11D3-BF4B-00C04F79EFBC}") = "Kevin.Permission.Domain.Core", "Kevin.Permission.Domain.Core\Kevin.Permission.Domain.Core.csproj", "{748DE3DB-DB3D-43AD-9222-3172B40BBFB9}"
EndProject
Global
	GlobalSection(SolutionConfigurationPlatforms) = preSolution
		Debug|Any CPU = Debug|Any CPU
		Release|Any CPU = Release|Any CPU
	EndGlobalSection
	GlobalSection(ProjectConfigurationPlatforms) = postSolution
		{748DE3DB-DB3D-43AD-9222-3172B40BBFB9}.Debug|Any CPU.ActiveCfg = Debug|Any CPU
		{748DE3DB-DB3D-43AD-9222-3172B40BBFB9}.Debug|Any CPU.Build.0 = Debug|Any CPU
		{748DE3DB-DB3D-43AD-9222-3172B40BBFB9}.Release|Any CPU.ActiveCfg = Release|Any CPU
		{748DE3DB-DB3D-43AD-9222-3172B40BBFB9}.Release|Any CPU.Build.0 = Release|Any CPU
	EndGlobalSection
	GlobalSection(SolutionProperties) = preSolution
		HideSolutionNode = FALSE
	EndGlobalSection
	GlobalSection(NestedProjects) = preSolution
		{748DE3DB-DB3D-43AD-9222-3172B40BBFB9} = {9C0CD77E-7C8A-4603-AA48-A6567EAF55E1}
	EndGlobalSection
EndGlobal
